
Microsoft Visual Studio Solution File, Format Version 12.00
# Visual Studio Version 17
VisualStudioVersion = 17.2.32630.192
MinimumVisualStudioVersion = 10.0.40219.1
Project("{FAE04EC0-301F-11D3-BF4B-00C04F79EFBC}") = "MüzikUygulamasi", "MüzikUygulamasi\MüzikUygulamasi.csproj", "{3E31574D-B539-499D-B6B3-62CAB8D1C80B}"
EndProject
Global
	GlobalSection(SolutionConfigurationPlatforms) = preSolution
		Debug|Any CPU = Debug|Any CPU
		Release|Any CPU = Release|Any CPU
	EndGlobalSection
	GlobalSection(ProjectConfigurationPlatforms) = postSolution
		{3E31574D-B539-499D-B6B3-62CAB8D1C80B}.Debug|Any CPU.ActiveCfg = Debug|Any CPU
		{3E31574D-B539-499D-B6B3-62CAB8D1C80B}.Debug|Any CPU.Build.0 = Debug|Any CPU
		{3E31574D-B539-499D-B6B3-62CAB8D1C80B}.Release|Any CPU.ActiveCfg = Release|Any CPU
		{3E31574D-B539-499D-B6B3-62CAB8D1C80B}.Release|Any CPU.Build.0 = Release|Any CPU
	EndGlobalSection
	GlobalSection(SolutionProperties) = preSolution
		HideSolutionNode = FALSE
	EndGlobalSection
	GlobalSection(ExtensibilityGlobals) = postSolution
		SolutionGuid = {85968535-B0FB-49DA-B698-64EB67161CA3}
	EndGlobalSection
EndGlobal
